
Microsoft Visual Studio Solution File, Format Version 11.00
# Visual Studio 2010

# Copyright (C) 2013-2019 Altera Corporation, San Jose, California, USA. All rights reserved.
# Permission is hereby granted, free of charge, to any person obtaining a copy of this
# software and associated documentation files (the "Software"), to deal in the Software
# without restriction, including without limitation the rights to use, copy, modify, merge,
# publish, distribute, sublicense, and/or sell copies of the Software, and to permit persons to
# whom the Software is furnished to do so, subject to the following conditions:
# The above copyright notice and this permission notice shall be included in all copies or
# substantial portions of the Software.
# 
# THE SOFTWARE IS PROVIDED "AS IS", WITHOUT WARRANTY OF ANY KIND,
# EXPRESS OR IMPLIED, INCLUDING BUT NOT LIMITED TO THE WARRANTIES
# OF MERCHANTABILITY, FITNESS FOR A PARTICULAR PURPOSE AND
# NONINFRINGEMENT. IN NO EVENT SHALL THE AUTHORS OR COPYRIGHT
# HOLDERS BE LIABLE FOR ANY CLAIM, DAMAGES OR OTHER LIABILITY,
# WHETHER IN AN ACTION OF CONTRACT, TORT OR OTHERWISE, ARISING
# FROM, OUT OF OR IN CONNECTION WITH THE SOFTWARE OR THE USE OR
# OTHER DEALINGS IN THE SOFTWARE.
# 
# This agreement shall be governed in all respects by the laws of the State of California and
# by the laws of the United States of America.

Project("{8BC9CEB8-8B4A-11D0-8D11-00A0C91BC942}") = "hello_world", "hello_world.vcxproj", "{026D0BF2-887B-322C-4F57-ED1088A1048F}"
EndProject
Global
	GlobalSection(SolutionConfigurationPlatforms) = preSolution
		1Release|x64 = 1Release|x64
		2Debug|x64 = 2Debug|x64
	EndGlobalSection
	GlobalSection(ProjectConfigurationPlatforms) = postSolution
		{026D0BF2-887B-322C-4F57-ED1088A1048F}.1Release|x64.ActiveCfg = Release|x64
		{026D0BF2-887B-322C-4F57-ED1088A1048F}.1Release|x64.Build.0 = Release|x64
		{026D0BF2-887B-322C-4F57-ED1088A1048F}.2Debug|x64.ActiveCfg = Debug|x64
		{026D0BF2-887B-322C-4F57-ED1088A1048F}.2Debug|x64.Build.0 = Debug|x64
	EndGlobalSection
	GlobalSection(SolutionProperties) = preSolution
		HideSolutionNode = FALSE
	EndGlobalSection
EndGlobal
